
Microsoft Visual Studio Solution File, Format Version 12.00
# Visual Studio 14
VisualStudioVersion = 14.0.25420.1
MinimumVisualStudioVersion = 10.0.40219.1
Project("{FAE04EC0-301F-11D3-BF4B-00C04F79EFBC}") = "ExamSign", "ExamSign\ExamSign.csproj", "{37E70257-18AE-4153-9765-003406D76341}"
EndProject
Project("{2150E333-8FDC-42A3-9474-1A3956D46DE8}") = "01", "01", "{390EFB8A-F300-499D-A174-28BB5A5A67D1}"
EndProject
Project("{2150E333-8FDC-42A3-9474-1A3956D46DE8}") = "02", "02", "{B1712461-A8D6-471A-9EB9-E75C8BAF3328}"
EndProject
Project("{FAE04EC0-301F-11D3-BF4B-00C04F79EFBC}") = "BLL", "BLL\BLL.csproj", "{A2B8567D-8E1D-4D76-8970-756EF8D10DC5}"
EndProject
Project("{2150E333-8FDC-42A3-9474-1A3956D46DE8}") = "03", "03", "{530C56B4-B4CA-4322-A2E4-718D74F3181F}"
EndProject
Project("{FAE04EC0-301F-11D3-BF4B-00C04F79EFBC}") = "Model", "Model\Model.csproj", "{0E0482BD-CABF-46EA-BD4B-E92DE0CDB5FB}"
EndProject
Project("{FAE04EC0-301F-11D3-BF4B-00C04F79EFBC}") = "CommonHelper", "CommonHelper\CommonHelper.csproj", "{A102DF44-A180-4093-B91C-8D2F0F06A84A}"
EndProject
Project("{FAE04EC0-301F-11D3-BF4B-00C04F79EFBC}") = "KingsunDB", "KingsunDB\KingsunDB.csproj", "{C02718DF-0B7B-48F5-AA7F-1BEFC83F6C95}"
EndProject
Project("{FAE04EC0-301F-11D3-BF4B-00C04F79EFBC}") = "Dict", "Dict\Dict.csproj", "{49AC86F6-C2D9-439E-96D9-88994E1B70BC}"
EndProject
Global
	GlobalSection(SolutionConfigurationPlatforms) = preSolution
		Debug|Any CPU = Debug|Any CPU
		Release|Any CPU = Release|Any CPU
	EndGlobalSection
	GlobalSection(ProjectConfigurationPlatforms) = postSolution
		{37E70257-18AE-4153-9765-003406D76341}.Debug|Any CPU.ActiveCfg = Debug|Any CPU
		{37E70257-18AE-4153-9765-003406D76341}.Debug|Any CPU.Build.0 = Debug|Any CPU
		{37E70257-18AE-4153-9765-003406D76341}.Release|Any CPU.ActiveCfg = Release|Any CPU
		{37E70257-18AE-4153-9765-003406D76341}.Release|Any CPU.Build.0 = Release|Any CPU
		{A2B8567D-8E1D-4D76-8970-756EF8D10DC5}.Debug|Any CPU.ActiveCfg = Debug|Any CPU
		{A2B8567D-8E1D-4D76-8970-756EF8D10DC5}.Debug|Any CPU.Build.0 = Debug|Any CPU
		{A2B8567D-8E1D-4D76-8970-756EF8D10DC5}.Release|Any CPU.ActiveCfg = Release|Any CPU
		{A2B8567D-8E1D-4D76-8970-756EF8D10DC5}.Release|Any CPU.Build.0 = Release|Any CPU
		{0E0482BD-CABF-46EA-BD4B-E92DE0CDB5FB}.Debug|Any CPU.ActiveCfg = Debug|Any CPU
		{0E0482BD-CABF-46EA-BD4B-E92DE0CDB5FB}.Debug|Any CPU.Build.0 = Debug|Any CPU
		{0E0482BD-CABF-46EA-BD4B-E92DE0CDB5FB}.Release|Any CPU.ActiveCfg = Release|Any CPU
		{0E0482BD-CABF-46EA-BD4B-E92DE0CDB5FB}.Release|Any CPU.Build.0 = Release|Any CPU
		{A102DF44-A180-4093-B91C-8D2F0F06A84A}.Debug|Any CPU.ActiveCfg = Debug|Any CPU
		{A102DF44-A180-4093-B91C-8D2F0F06A84A}.Debug|Any CPU.Build.0 = Debug|Any CPU
		{A102DF44-A180-4093-B91C-8D2F0F06A84A}.Release|Any CPU.ActiveCfg = Release|Any CPU
		{A102DF44-A180-4093-B91C-8D2F0F06A84A}.Release|Any CPU.Build.0 = Release|Any CPU
		{C02718DF-0B7B-48F5-AA7F-1BEFC83F6C95}.Debug|Any CPU.ActiveCfg = Debug|Any CPU
		{C02718DF-0B7B-48F5-AA7F-1BEFC83F6C95}.Debug|Any CPU.Build.0 = Debug|Any CPU
		{C02718DF-0B7B-48F5-AA7F-1BEFC83F6C95}.Release|Any CPU.ActiveCfg = Release|Any CPU
		{C02718DF-0B7B-48F5-AA7F-1BEFC83F6C95}.Release|Any CPU.Build.0 = Release|Any CPU
		{49AC86F6-C2D9-439E-96D9-88994E1B70BC}.Debug|Any CPU.ActiveCfg = Debug|Any CPU
		{49AC86F6-C2D9-439E-96D9-88994E1B70BC}.Debug|Any CPU.Build.0 = Debug|Any CPU
		{49AC86F6-C2D9-439E-96D9-88994E1B70BC}.Release|Any CPU.ActiveCfg = Release|Any CPU
		{49AC86F6-C2D9-439E-96D9-88994E1B70BC}.Release|Any CPU.Build.0 = Release|Any CPU
	EndGlobalSection
	GlobalSection(SolutionProperties) = preSolution
		HideSolutionNode = FALSE
	EndGlobalSection
	GlobalSection(NestedProjects) = preSolution
		{37E70257-18AE-4153-9765-003406D76341} = {390EFB8A-F300-499D-A174-28BB5A5A67D1}
		{A2B8567D-8E1D-4D76-8970-756EF8D10DC5} = {B1712461-A8D6-471A-9EB9-E75C8BAF3328}
		{0E0482BD-CABF-46EA-BD4B-E92DE0CDB5FB} = {B1712461-A8D6-471A-9EB9-E75C8BAF3328}
		{A102DF44-A180-4093-B91C-8D2F0F06A84A} = {530C56B4-B4CA-4322-A2E4-718D74F3181F}
		{C02718DF-0B7B-48F5-AA7F-1BEFC83F6C95} = {B1712461-A8D6-471A-9EB9-E75C8BAF3328}
		{49AC86F6-C2D9-439E-96D9-88994E1B70BC} = {B1712461-A8D6-471A-9EB9-E75C8BAF3328}
	EndGlobalSection
EndGlobal
